
Microsoft Visual Studio Solution File, Format Version 12.00
# Visual Studio Version 17
VisualStudioVersion = 17.5.002.0
MinimumVisualStudioVersion = 10.0.40219.1
Project("{9A19103F-16F7-4668-BE54-9A1E7A4F7556}") = "Ametrin.Optional.Benchy", "benchy\Ametrin.Optional.Benchy.csproj", "{1188BD7C-B778-4E02-9494-0EA3F9B19259}"
EndProject
Project("{9A19103F-16F7-4668-BE54-9A1E7A4F7556}") = "Ametrin.Optional", "src\Ametrin.Optional.csproj", "{5D2AA3F2-2AA7-4A9C-BF54-263ABC64B899}"
EndProject
Project("{9A19103F-16F7-4668-BE54-9A1E7A4F7556}") = "Ametrin.Optional.Test", "test\Ametrin.Optional.Test.csproj", "{4CD32508-CD86-46E9-A05C-8698DDF3E40C}"
EndProject
Project("{FAE04EC0-301F-11D3-BF4B-00C04F79EFBC}") = "Ametrin.Optional.Testing.TUnit", "testing\TUnit\Ametrin.Optional.Testing.TUnit.csproj", "{B004827A-B8F2-49B9-B1C2-F210C20816DC}"
EndProject
Global
	GlobalSection(SolutionConfigurationPlatforms) = preSolution
		Debug|Any CPU = Debug|Any CPU
		Release|Any CPU = Release|Any CPU
	EndGlobalSection
	GlobalSection(ProjectConfigurationPlatforms) = postSolution
		{1188BD7C-B778-4E02-9494-0EA3F9B19259}.Debug|Any CPU.ActiveCfg = Debug|Any CPU
		{1188BD7C-B778-4E02-9494-0EA3F9B19259}.Debug|Any CPU.Build.0 = Debug|Any CPU
		{1188BD7C-B778-4E02-9494-0EA3F9B19259}.Release|Any CPU.ActiveCfg = Release|Any CPU
		{1188BD7C-B778-4E02-9494-0EA3F9B19259}.Release|Any CPU.Build.0 = Release|Any CPU
		{5D2AA3F2-2AA7-4A9C-BF54-263ABC64B899}.Debug|Any CPU.ActiveCfg = Debug|Any CPU
		{5D2AA3F2-2AA7-4A9C-BF54-263ABC64B899}.Debug|Any CPU.Build.0 = Debug|Any CPU
		{5D2AA3F2-2AA7-4A9C-BF54-263ABC64B899}.Release|Any CPU.ActiveCfg = Release|Any CPU
		{5D2AA3F2-2AA7-4A9C-BF54-263ABC64B899}.Release|Any CPU.Build.0 = Release|Any CPU
		{4CD32508-CD86-46E9-A05C-8698DDF3E40C}.Debug|Any CPU.ActiveCfg = Debug|Any CPU
		{4CD32508-CD86-46E9-A05C-8698DDF3E40C}.Debug|Any CPU.Build.0 = Debug|Any CPU
		{4CD32508-CD86-46E9-A05C-8698DDF3E40C}.Release|Any CPU.ActiveCfg = Release|Any CPU
		{4CD32508-CD86-46E9-A05C-8698DDF3E40C}.Release|Any CPU.Build.0 = Release|Any CPU
		{B004827A-B8F2-49B9-B1C2-F210C20816DC}.Debug|Any CPU.ActiveCfg = Debug|Any CPU
		{B004827A-B8F2-49B9-B1C2-F210C20816DC}.Debug|Any CPU.Build.0 = Debug|Any CPU
		{B004827A-B8F2-49B9-B1C2-F210C20816DC}.Release|Any CPU.ActiveCfg = Release|Any CPU
		{B004827A-B8F2-49B9-B1C2-F210C20816DC}.Release|Any CPU.Build.0 = Release|Any CPU
	EndGlobalSection
	GlobalSection(SolutionProperties) = preSolution
		HideSolutionNode = FALSE
	EndGlobalSection
	GlobalSection(ExtensibilityGlobals) = postSolution
		SolutionGuid = {7286D565-0C0A-4E21-AC33-58F87A2E462D}
	EndGlobalSection
EndGlobal
